
Microsoft Visual Studio Solution File, Format Version 12.00
# Visual Studio Version 16
VisualStudioVersion = 16.0.32228.343
MinimumVisualStudioVersion = 10.0.40219.1
Project("{FAE04EC0-301F-11D3-BF4B-00C04F79EFBC}") = "VTYS", "YemekTarifi3\VTYS.csproj", "{F96A66DB-B2F4-4318-8E94-B5231B9D2A3C}"
EndProject
Global
	GlobalSection(SolutionConfigurationPlatforms) = preSolution
		Debug|Any CPU = Debug|Any CPU
		Release|Any CPU = Release|Any CPU
	EndGlobalSection
	GlobalSection(ProjectConfigurationPlatforms) = postSolution
		{F96A66DB-B2F4-4318-8E94-B5231B9D2A3C}.Debug|Any CPU.ActiveCfg = Debug|Any CPU
		{F96A66DB-B2F4-4318-8E94-B5231B9D2A3C}.Debug|Any CPU.Build.0 = Debug|Any CPU
		{F96A66DB-B2F4-4318-8E94-B5231B9D2A3C}.Release|Any CPU.ActiveCfg = Release|Any CPU
		{F96A66DB-B2F4-4318-8E94-B5231B9D2A3C}.Release|Any CPU.Build.0 = Release|Any CPU
	EndGlobalSection
	GlobalSection(SolutionProperties) = preSolution
		HideSolutionNode = FALSE
	EndGlobalSection
	GlobalSection(ExtensibilityGlobals) = postSolution
		SolutionGuid = {45527E17-F2D9-4F28-831B-7E145E51216C}
	EndGlobalSection
EndGlobal
